// !$*UTF8*$!
{
	archiveVersion = 1;
	classes = {
	};
	objectVersion = 55;
	objects = {

/* Begin PBXBuildFile section */
		80B273DB27A2AAD3005B451F /* Assets.xcassets in Resources */ = {isa = PBXBuildFile; fileRef = 80B273DA27A2AAD3005B451F /* Assets.xcassets */; };
		80B273DE27A2AAD3005B451F /* Preview Assets.xcassets in Resources */ = {isa = PBXBuildFile; fileRef = 80B273DD27A2AAD3005B451F /* Preview Assets.xcassets */; };
		80B273E627A2AD07005B451F /* main.swift in Sources */ = {isa = PBXBuildFile; fileRef = 80B273E527A2AD07005B451F /* main.swift */; };
		80B273EA27A2ADD5005B451F /* Info.plist in Resources */ = {isa = PBXBuildFile; fileRef = 80B273E927A2ADD5005B451F /* Info.plist */; };
		80B273ED27A2AF36005B451F /* LocaleState.swift in Sources */ = {isa = PBXBuildFile; fileRef = 80B273EC27A2AF36005B451F /* LocaleState.swift */; };
		80B273F027A2AF68005B451F /* Locale.swift in Sources */ = {isa = PBXBuildFile; fileRef = 80B273EF27A2AF68005B451F /* Locale.swift */; };
		80B273F527A2B163005B451F /* AppDelegate.swift in Sources */ = {isa = PBXBuildFile; fileRef = 80B273F427A2B163005B451F /* AppDelegate.swift */; };
		80B273F827A2B231005B451F /* KeyboardInterception.swift in Sources */ = {isa = PBXBuildFile; fileRef = 80B273F727A2B231005B451F /* KeyboardInterception.swift */; };
		80B273FC27A2B33F005B451F /* requestPrivilege.swift in Sources */ = {isa = PBXBuildFile; fileRef = 80B273FB27A2B33F005B451F /* requestPrivilege.swift */; };
		80B273FF27A2B46F005B451F /* State.swift in Sources */ = {isa = PBXBuildFile; fileRef = 80B273FE27A2B46F005B451F /* State.swift */; };
		80B2740127A2B6F0005B451F /* BoolState.swift in Sources */ = {isa = PBXBuildFile; fileRef = 80B2740027A2B6F0005B451F /* BoolState.swift */; };
		80B2740527A2BA74005B451F /* keyboardCallback.swift in Sources */ = {isa = PBXBuildFile; fileRef = 80B2740427A2BA74005B451F /* keyboardCallback.swift */; };
		80B2740727A2BC1B005B451F /* replaceCombination.swift in Sources */ = {isa = PBXBuildFile; fileRef = 80B2740627A2BC1B005B451F /* replaceCombination.swift */; };
		80B2740927A2BCBA005B451F /* KeyCodes.swift in Sources */ = {isa = PBXBuildFile; fileRef = 80B2740827A2BCBA005B451F /* KeyCodes.swift */; };
		80B2740B27A2C0B4005B451F /* English.swift in Sources */ = {isa = PBXBuildFile; fileRef = 80B2740A27A2C0B4005B451F /* English.swift */; };
		80B2740E27A3E4B4005B451F /* checkForUpdate.swift in Sources */ = {isa = PBXBuildFile; fileRef = 80B2740D27A3E4B4005B451F /* checkForUpdate.swift */; };
		80B2741027A3E95F005B451F /* Esperanto.swift in Sources */ = {isa = PBXBuildFile; fileRef = 80B2740F27A3E95F005B451F /* Esperanto.swift */; };
		80B2741227A3E97E005B451F /* Swedish.swift in Sources */ = {isa = PBXBuildFile; fileRef = 80B2741127A3E97E005B451F /* Swedish.swift */; };
/* End PBXBuildFile section */

/* Begin PBXFileReference section */
		808CDE8727A3F44B00B7ADBF /* .gitignore */ = {isa = PBXFileReference; lastKnownFileType = text; path = .gitignore; sourceTree = "<group>"; };
		808CDE8827A3F44B00B7ADBF /* .github */ = {isa = PBXFileReference; lastKnownFileType = folder; path = .github; sourceTree = "<group>"; };
		80B273D327A2AAD2005B451F /* Tajpi.app */ = {isa = PBXFileReference; explicitFileType = wrapper.application; includeInIndex = 0; path = Tajpi.app; sourceTree = BUILT_PRODUCTS_DIR; };
		80B273DA27A2AAD3005B451F /* Assets.xcassets */ = {isa = PBXFileReference; lastKnownFileType = folder.assetcatalog; path = Assets.xcassets; sourceTree = "<group>"; };
		80B273DD27A2AAD3005B451F /* Preview Assets.xcassets */ = {isa = PBXFileReference; lastKnownFileType = folder.assetcatalog; path = "Preview Assets.xcassets"; sourceTree = "<group>"; };
		80B273DF27A2AAD3005B451F /* Tajpi.entitlements */ = {isa = PBXFileReference; lastKnownFileType = text.plist.entitlements; path = Tajpi.entitlements; sourceTree = "<group>"; };
		80B273E527A2AD07005B451F /* main.swift */ = {isa = PBXFileReference; lastKnownFileType = sourcecode.swift; path = main.swift; sourceTree = "<group>"; };
		80B273E927A2ADD5005B451F /* Info.plist */ = {isa = PBXFileReference; lastKnownFileType = text.plist.xml; path = Info.plist; sourceTree = "<group>"; };
		80B273EC27A2AF36005B451F /* LocaleState.swift */ = {isa = PBXFileReference; lastKnownFileType = sourcecode.swift; path = LocaleState.swift; sourceTree = "<group>"; };
		80B273EF27A2AF68005B451F /* Locale.swift */ = {isa = PBXFileReference; lastKnownFileType = sourcecode.swift; path = Locale.swift; sourceTree = "<group>"; };
		80B273F427A2B163005B451F /* AppDelegate.swift */ = {isa = PBXFileReference; lastKnownFileType = sourcecode.swift; path = AppDelegate.swift; sourceTree = "<group>"; };
		80B273F727A2B231005B451F /* KeyboardInterception.swift */ = {isa = PBXFileReference; lastKnownFileType = sourcecode.swift; path = KeyboardInterception.swift; sourceTree = "<group>"; };
		80B273F927A2B2A0005B451F /* README.md */ = {isa = PBXFileReference; lastKnownFileType = net.daringfireball.markdown; path = README.md; sourceTree = "<group>"; };
		80B273FB27A2B33F005B451F /* requestPrivilege.swift */ = {isa = PBXFileReference; lastKnownFileType = sourcecode.swift; path = requestPrivilege.swift; sourceTree = "<group>"; };
		80B273FE27A2B46F005B451F /* State.swift */ = {isa = PBXFileReference; lastKnownFileType = sourcecode.swift; path = State.swift; sourceTree = "<group>"; };
		80B2740027A2B6F0005B451F /* BoolState.swift */ = {isa = PBXFileReference; lastKnownFileType = sourcecode.swift; path = BoolState.swift; sourceTree = "<group>"; };
		80B2740427A2BA74005B451F /* keyboardCallback.swift */ = {isa = PBXFileReference; lastKnownFileType = sourcecode.swift; path = keyboardCallback.swift; sourceTree = "<group>"; };
		80B2740627A2BC1B005B451F /* replaceCombination.swift */ = {isa = PBXFileReference; lastKnownFileType = sourcecode.swift; path = replaceCombination.swift; sourceTree = "<group>"; };
		80B2740827A2BCBA005B451F /* KeyCodes.swift */ = {isa = PBXFileReference; lastKnownFileType = sourcecode.swift; path = KeyCodes.swift; sourceTree = "<group>"; };
		80B2740A27A2C0B4005B451F /* English.swift */ = {isa = PBXFileReference; lastKnownFileType = sourcecode.swift; path = English.swift; sourceTree = "<group>"; };
		80B2740D27A3E4B4005B451F /* checkForUpdate.swift */ = {isa = PBXFileReference; lastKnownFileType = sourcecode.swift; path = checkForUpdate.swift; sourceTree = "<group>"; };
		80B2740F27A3E95F005B451F /* Esperanto.swift */ = {isa = PBXFileReference; lastKnownFileType = sourcecode.swift; path = Esperanto.swift; sourceTree = "<group>"; };
		80B2741127A3E97E005B451F /* Swedish.swift */ = {isa = PBXFileReference; lastKnownFileType = sourcecode.swift; path = Swedish.swift; sourceTree = "<group>"; };
		80B2741427A3F1B8005B451F /* version */ = {isa = PBXFileReference; lastKnownFileType = text; path = version; sourceTree = "<group>"; };
/* End PBXFileReference section */

/* Begin PBXFrameworksBuildPhase section */
		80B273D027A2AAD2005B451F /* Frameworks */ = {
			isa = PBXFrameworksBuildPhase;
			buildActionMask = 2147483647;
			files = (
			);
			runOnlyForDeploymentPostprocessing = 0;
		};
/* End PBXFrameworksBuildPhase section */

/* Begin PBXGroup section */
		80B273CA27A2AAD2005B451F = {
			isa = PBXGroup;
			children = (
				80B273F927A2B2A0005B451F /* README.md */,
				808CDE8727A3F44B00B7ADBF /* .gitignore */,
				808CDE8827A3F44B00B7ADBF /* .github */,
				80B2741327A3F19D005B451F /* AWS */,
				80B273D527A2AAD2005B451F /* Tajpi */,
				80B273D427A2AAD2005B451F /* Products */,
			);
			sourceTree = "<group>";
		};
		80B273D427A2AAD2005B451F /* Products */ = {
			isa = PBXGroup;
			children = (
				80B273D327A2AAD2005B451F /* Tajpi.app */,
			);
			name = Products;
			sourceTree = "<group>";
		};
		80B273D527A2AAD2005B451F /* Tajpi */ = {
			isa = PBXGroup;
			children = (
				80B273E927A2ADD5005B451F /* Info.plist */,
				80B273DA27A2AAD3005B451F /* Assets.xcassets */,
				80B273DF27A2AAD3005B451F /* Tajpi.entitlements */,
				80B273E527A2AD07005B451F /* main.swift */,
				80B2740C27A3E499005B451F /* CheckForUpdate */,
				80B273FD27A2B45D005B451F /* State */,
				80B273FA27A2B328005B451F /* Privlige */,
				80B273F327A2B14C005B451F /* AppDelegate */,
				80B273EB27A2AF1B005B451F /* LocaleManager */,
				80B273F627A2B1D3005B451F /* KeyboardInterception */,
				80B273DC27A2AAD3005B451F /* Preview Content */,
			);
			path = Tajpi;
			sourceTree = "<group>";
		};
		80B273DC27A2AAD3005B451F /* Preview Content */ = {
			isa = PBXGroup;
			children = (
				80B273DD27A2AAD3005B451F /* Preview Assets.xcassets */,
			);
			path = "Preview Content";
			sourceTree = "<group>";
		};
		80B273EB27A2AF1B005B451F /* LocaleManager */ = {
			isa = PBXGroup;
			children = (
				80B273EE27A2AF59005B451F /* Locales */,
				80B273EC27A2AF36005B451F /* LocaleState.swift */,
			);
			path = LocaleManager;
			sourceTree = "<group>";
		};
		80B273EE27A2AF59005B451F /* Locales */ = {
			isa = PBXGroup;
			children = (
				80B273EF27A2AF68005B451F /* Locale.swift */,
				80B2740A27A2C0B4005B451F /* English.swift */,
				80B2740F27A3E95F005B451F /* Esperanto.swift */,
				80B2741127A3E97E005B451F /* Swedish.swift */,
			);
			path = Locales;
			sourceTree = "<group>";
		};
		80B273F327A2B14C005B451F /* AppDelegate */ = {
			isa = PBXGroup;
			children = (
				80B273F427A2B163005B451F /* AppDelegate.swift */,
			);
			path = AppDelegate;
			sourceTree = "<group>";
		};
		80B273F627A2B1D3005B451F /* KeyboardInterception */ = {
			isa = PBXGroup;
			children = (
				80B273F727A2B231005B451F /* KeyboardInterception.swift */,
				80B2740427A2BA74005B451F /* keyboardCallback.swift */,
				80B2740627A2BC1B005B451F /* replaceCombination.swift */,
				80B2740827A2BCBA005B451F /* KeyCodes.swift */,
			);
			path = KeyboardInterception;
			sourceTree = "<group>";
		};
		80B273FA27A2B328005B451F /* Privlige */ = {
			isa = PBXGroup;
			children = (
				80B273FB27A2B33F005B451F /* requestPrivilege.swift */,
			);
			path = Privlige;
			sourceTree = "<group>";
		};
		80B273FD27A2B45D005B451F /* State */ = {
			isa = PBXGroup;
			children = (
				80B2740027A2B6F0005B451F /* BoolState.swift */,
				80B273FE27A2B46F005B451F /* State.swift */,
			);
			path = State;
			sourceTree = "<group>";
		};
		80B2740C27A3E499005B451F /* CheckForUpdate */ = {
			isa = PBXGroup;
			children = (
				80B2740D27A3E4B4005B451F /* checkForUpdate.swift */,
			);
			path = CheckForUpdate;
			sourceTree = "<group>";
		};
		80B2741327A3F19D005B451F /* AWS */ = {
			isa = PBXGroup;
			children = (
				80B2741427A3F1B8005B451F /* version */,
			);
			path = AWS;
			sourceTree = "<group>";
		};
/* End PBXGroup section */

/* Begin PBXNativeTarget section */
		80B273D227A2AAD2005B451F /* Tajpi */ = {
			isa = PBXNativeTarget;
			buildConfigurationList = 80B273E227A2AAD3005B451F /* Build configuration list for PBXNativeTarget "Tajpi" */;
			buildPhases = (
				80B273CF27A2AAD2005B451F /* Sources */,
				80B273D027A2AAD2005B451F /* Frameworks */,
				80B273D127A2AAD2005B451F /* Resources */,
			);
			buildRules = (
			);
			dependencies = (
			);
			name = Tajpi;
			productName = Tajpi;
			productReference = 80B273D327A2AAD2005B451F /* Tajpi.app */;
			productType = "com.apple.product-type.application";
		};
/* End PBXNativeTarget section */

/* Begin PBXProject section */
		80B273CB27A2AAD2005B451F /* Project object */ = {
			isa = PBXProject;
			attributes = {
				BuildIndependentTargetsInParallel = 1;
				LastSwiftUpdateCheck = 1320;
				LastUpgradeCheck = 1320;
				TargetAttributes = {
					80B273D227A2AAD2005B451F = {
						CreatedOnToolsVersion = 13.2.1;
					};
				};
			};
			buildConfigurationList = 80B273CE27A2AAD2005B451F /* Build configuration list for PBXProject "Tajpi" */;
			compatibilityVersion = "Xcode 13.0";
			developmentRegion = en;
			hasScannedForEncodings = 0;
			knownRegions = (
				en,
				Base,
			);
			mainGroup = 80B273CA27A2AAD2005B451F;
			productRefGroup = 80B273D427A2AAD2005B451F /* Products */;
			projectDirPath = "";
			projectRoot = "";
			targets = (
				80B273D227A2AAD2005B451F /* Tajpi */,
			);
		};
/* End PBXProject section */

/* Begin PBXResourcesBuildPhase section */
		80B273D127A2AAD2005B451F /* Resources */ = {
			isa = PBXResourcesBuildPhase;
			buildActionMask = 2147483647;
			files = (
				80B273DE27A2AAD3005B451F /* Preview Assets.xcassets in Resources */,
				80B273DB27A2AAD3005B451F /* Assets.xcassets in Resources */,
				80B273EA27A2ADD5005B451F /* Info.plist in Resources */,
			);
			runOnlyForDeploymentPostprocessing = 0;
		};
/* End PBXResourcesBuildPhase section */

/* Begin PBXSourcesBuildPhase section */
		80B273CF27A2AAD2005B451F /* Sources */ = {
			isa = PBXSourcesBuildPhase;
			buildActionMask = 2147483647;
			files = (
				80B2740927A2BCBA005B451F /* KeyCodes.swift in Sources */,
				80B2741027A3E95F005B451F /* Esperanto.swift in Sources */,
				80B273F827A2B231005B451F /* KeyboardInterception.swift in Sources */,
				80B2741227A3E97E005B451F /* Swedish.swift in Sources */,
				80B273F027A2AF68005B451F /* Locale.swift in Sources */,
				80B2740B27A2C0B4005B451F /* English.swift in Sources */,
				80B2740727A2BC1B005B451F /* replaceCombination.swift in Sources */,
				80B273FC27A2B33F005B451F /* requestPrivilege.swift in Sources */,
				80B273F527A2B163005B451F /* AppDelegate.swift in Sources */,
				80B273E627A2AD07005B451F /* main.swift in Sources */,
				80B2740527A2BA74005B451F /* keyboardCallback.swift in Sources */,
				80B273ED27A2AF36005B451F /* LocaleState.swift in Sources */,
				80B2740E27A3E4B4005B451F /* checkForUpdate.swift in Sources */,
				80B273FF27A2B46F005B451F /* State.swift in Sources */,
				80B2740127A2B6F0005B451F /* BoolState.swift in Sources */,
			);
			runOnlyForDeploymentPostprocessing = 0;
		};
/* End PBXSourcesBuildPhase section */

/* Begin XCBuildConfiguration section */
		80B273E027A2AAD3005B451F /* Debug */ = {
			isa = XCBuildConfiguration;
			buildSettings = {
				ALWAYS_SEARCH_USER_PATHS = NO;
				CLANG_ANALYZER_NONNULL = YES;
				CLANG_ANALYZER_NUMBER_OBJECT_CONVERSION = YES_AGGRESSIVE;
				CLANG_CXX_LANGUAGE_STANDARD = "gnu++17";
				CLANG_CXX_LIBRARY = "libc++";
				CLANG_ENABLE_MODULES = YES;
				CLANG_ENABLE_OBJC_ARC = YES;
				CLANG_ENABLE_OBJC_WEAK = YES;
				CLANG_WARN_BLOCK_CAPTURE_AUTORELEASING = YES;
				CLANG_WARN_BOOL_CONVERSION = YES;
				CLANG_WARN_COMMA = YES;
				CLANG_WARN_CONSTANT_CONVERSION = YES;
				CLANG_WARN_DEPRECATED_OBJC_IMPLEMENTATIONS = YES;
				CLANG_WARN_DIRECT_OBJC_ISA_USAGE = YES_ERROR;
				CLANG_WARN_DOCUMENTATION_COMMENTS = YES;
				CLANG_WARN_EMPTY_BODY = YES;
				CLANG_WARN_ENUM_CONVERSION = YES;
				CLANG_WARN_INFINITE_RECURSION = YES;
				CLANG_WARN_INT_CONVERSION = YES;
				CLANG_WARN_NON_LITERAL_NULL_CONVERSION = YES;
				CLANG_WARN_OBJC_IMPLICIT_RETAIN_SELF = YES;
				CLANG_WARN_OBJC_LITERAL_CONVERSION = YES;
				CLANG_WARN_OBJC_ROOT_CLASS = YES_ERROR;
				CLANG_WARN_QUOTED_INCLUDE_IN_FRAMEWORK_HEADER = YES;
				CLANG_WARN_RANGE_LOOP_ANALYSIS = YES;
				CLANG_WARN_STRICT_PROTOTYPES = YES;
				CLANG_WARN_SUSPICIOUS_MOVE = YES;
				CLANG_WARN_UNGUARDED_AVAILABILITY = YES_AGGRESSIVE;
				CLANG_WARN_UNREACHABLE_CODE = YES;
				CLANG_WARN__DUPLICATE_METHOD_MATCH = YES;
				COPY_PHASE_STRIP = NO;
				DEBUG_INFORMATION_FORMAT = dwarf;
				ENABLE_STRICT_OBJC_MSGSEND = YES;
				ENABLE_TESTABILITY = YES;
				GCC_C_LANGUAGE_STANDARD = gnu11;
				GCC_DYNAMIC_NO_PIC = NO;
				GCC_NO_COMMON_BLOCKS = YES;
				GCC_OPTIMIZATION_LEVEL = 0;
				GCC_PREPROCESSOR_DEFINITIONS = (
					"DEBUG=1",
					"$(inherited)",
				);
				GCC_WARN_64_TO_32_BIT_CONVERSION = YES;
				GCC_WARN_ABOUT_RETURN_TYPE = YES_ERROR;
				GCC_WARN_UNDECLARED_SELECTOR = YES;
				GCC_WARN_UNINITIALIZED_AUTOS = YES_AGGRESSIVE;
				GCC_WARN_UNUSED_FUNCTION = YES;
				GCC_WARN_UNUSED_VARIABLE = YES;
				MACOSX_DEPLOYMENT_TARGET = 12.0;
				MTL_ENABLE_DEBUG_INFO = INCLUDE_SOURCE;
				MTL_FAST_MATH = YES;
				ONLY_ACTIVE_ARCH = YES;
				SDKROOT = macosx;
				SWIFT_ACTIVE_COMPILATION_CONDITIONS = DEBUG;
				SWIFT_OPTIMIZATION_LEVEL = "-Onone";
			};
			name = Debug;
		};
		80B273E127A2AAD3005B451F /* Release */ = {
			isa = XCBuildConfiguration;
			buildSettings = {
				ALWAYS_SEARCH_USER_PATHS = NO;
				CLANG_ANALYZER_NONNULL = YES;
				CLANG_ANALYZER_NUMBER_OBJECT_CONVERSION = YES_AGGRESSIVE;
				CLANG_CXX_LANGUAGE_STANDARD = "gnu++17";
				CLANG_CXX_LIBRARY = "libc++";
				CLANG_ENABLE_MODULES = YES;
				CLANG_ENABLE_OBJC_ARC = YES;
				CLANG_ENABLE_OBJC_WEAK = YES;
				CLANG_WARN_BLOCK_CAPTURE_AUTORELEASING = YES;
				CLANG_WARN_BOOL_CONVERSION = YES;
				CLANG_WARN_COMMA = YES;
				CLANG_WARN_CONSTANT_CONVERSION = YES;
				CLANG_WARN_DEPRECATED_OBJC_IMPLEMENTATIONS = YES;
				CLANG_WARN_DIRECT_OBJC_ISA_USAGE = YES_ERROR;
				CLANG_WARN_DOCUMENTATION_COMMENTS = YES;
				CLANG_WARN_EMPTY_BODY = YES;
				CLANG_WARN_ENUM_CONVERSION = YES;
				CLANG_WARN_INFINITE_RECURSION = YES;
				CLANG_WARN_INT_CONVERSION = YES;
				CLANG_WARN_NON_LITERAL_NULL_CONVERSION = YES;
				CLANG_WARN_OBJC_IMPLICIT_RETAIN_SELF = YES;
				CLANG_WARN_OBJC_LITERAL_CONVERSION = YES;
				CLANG_WARN_OBJC_ROOT_CLASS = YES_ERROR;
				CLANG_WARN_QUOTED_INCLUDE_IN_FRAMEWORK_HEADER = YES;
				CLANG_WARN_RANGE_LOOP_ANALYSIS = YES;
				CLANG_WARN_STRICT_PROTOTYPES = YES;
				CLANG_WARN_SUSPICIOUS_MOVE = YES;
				CLANG_WARN_UNGUARDED_AVAILABILITY = YES_AGGRESSIVE;
				CLANG_WARN_UNREACHABLE_CODE = YES;
				CLANG_WARN__DUPLICATE_METHOD_MATCH = YES;
				COPY_PHASE_STRIP = NO;
				DEBUG_INFORMATION_FORMAT = "dwarf-with-dsym";
				ENABLE_NS_ASSERTIONS = NO;
				ENABLE_STRICT_OBJC_MSGSEND = YES;
				GCC_C_LANGUAGE_STANDARD = gnu11;
				GCC_NO_COMMON_BLOCKS = YES;
				GCC_WARN_64_TO_32_BIT_CONVERSION = YES;
				GCC_WARN_ABOUT_RETURN_TYPE = YES_ERROR;
				GCC_WARN_UNDECLARED_SELECTOR = YES;
				GCC_WARN_UNINITIALIZED_AUTOS = YES_AGGRESSIVE;
				GCC_WARN_UNUSED_FUNCTION = YES;
				GCC_WARN_UNUSED_VARIABLE = YES;
				MACOSX_DEPLOYMENT_TARGET = 12.0;
				MTL_ENABLE_DEBUG_INFO = NO;
				MTL_FAST_MATH = YES;
				SDKROOT = macosx;
				SWIFT_COMPILATION_MODE = wholemodule;
				SWIFT_OPTIMIZATION_LEVEL = "-O";
			};
			name = Release;
		};
		80B273E327A2AAD3005B451F /* Debug */ = {
			isa = XCBuildConfiguration;
			buildSettings = {
				ASSETCATALOG_COMPILER_APPICON_NAME = AppIcon;
				ASSETCATALOG_COMPILER_GLOBAL_ACCENT_COLOR_NAME = AccentColor;
				CODE_SIGN_ENTITLEMENTS = Tajpi/Tajpi.entitlements;
				CODE_SIGN_STYLE = Automatic;
				COMBINE_HIDPI_IMAGES = YES;
				CURRENT_PROJECT_VERSION = 1;
				DEVELOPMENT_ASSET_PATHS = "\"Tajpi/Preview Content\"";
				DEVELOPMENT_TEAM = EKBJFR3MTZ;
				ENABLE_HARDENED_RUNTIME = YES;
				ENABLE_PREVIEWS = YES;
				GENERATE_INFOPLIST_FILE = YES;
				INFOPLIST_FILE = Tajpi/Info.plist;
				INFOPLIST_KEY_LSApplicationCategoryType = "public.app-category.utilities";
				INFOPLIST_KEY_NSHumanReadableCopyright = "";
				LD_RUNPATH_SEARCH_PATHS = (
					"$(inherited)",
					"@executable_path/../Frameworks",
				);
				MACOSX_DEPLOYMENT_TARGET = 10.10;
				MARKETING_VERSION = 1.1.2;
				PRODUCT_BUNDLE_IDENTIFIER = "com.fritiof-rusck.Tajpi";
				PRODUCT_NAME = "$(TARGET_NAME)";
				SWIFT_EMIT_LOC_STRINGS = YES;
				SWIFT_VERSION = 5.0;
			};
			name = Debug;
		};
		80B273E427A2AAD3005B451F /* Release */ = {
			isa = XCBuildConfiguration;
			buildSettings = {
				ASSETCATALOG_COMPILER_APPICON_NAME = AppIcon;
				ASSETCATALOG_COMPILER_GLOBAL_ACCENT_COLOR_NAME = AccentColor;
				CODE_SIGN_ENTITLEMENTS = Tajpi/Tajpi.entitlements;
				CODE_SIGN_STYLE = Automatic;
				COMBINE_HIDPI_IMAGES = YES;
				CURRENT_PROJECT_VERSION = 1;
				DEVELOPMENT_ASSET_PATHS = "\"Tajpi/Preview Content\"";
				DEVELOPMENT_TEAM = EKBJFR3MTZ;
				ENABLE_HARDENED_RUNTIME = YES;
				ENABLE_PREVIEWS = YES;
				GENERATE_INFOPLIST_FILE = YES;
				INFOPLIST_FILE = Tajpi/Info.plist;
				INFOPLIST_KEY_LSApplicationCategoryType = "public.app-category.utilities";
				INFOPLIST_KEY_NSHumanReadableCopyright = "";
				LD_RUNPATH_SEARCH_PATHS = (
					"$(inherited)",
					"@executable_path/../Frameworks",
				);
				MACOSX_DEPLOYMENT_TARGET = 10.10;
				MARKETING_VERSION = 1.1.2;
				PRODUCT_BUNDLE_IDENTIFIER = "com.fritiof-rusck.Tajpi";
				PRODUCT_NAME = "$(TARGET_NAME)";
				SWIFT_EMIT_LOC_STRINGS = YES;
				SWIFT_VERSION = 5.0;
			};
			name = Release;
		};
/* End XCBuildConfiguration section */

/* Begin XCConfigurationList section */
		80B273CE27A2AAD2005B451F /* Build configuration list for PBXProject "Tajpi" */ = {
			isa = XCConfigurationList;
			buildConfigurations = (
				80B273E027A2AAD3005B451F /* Debug */,
				80B273E127A2AAD3005B451F /* Release */,
			);
			defaultConfigurationIsVisible = 0;
			defaultConfigurationName = Release;
		};
		80B273E227A2AAD3005B451F /* Build configuration list for PBXNativeTarget "Tajpi" */ = {
			isa = XCConfigurationList;
			buildConfigurations = (
				80B273E327A2AAD3005B451F /* Debug */,
				80B273E427A2AAD3005B451F /* Release */,
			);
			defaultConfigurationIsVisible = 0;
			defaultConfigurationName = Release;
		};
/* End XCConfigurationList section */
	};
	rootObject = 80B273CB27A2AAD2005B451F /* Project object */;
}
